
Microsoft Visual Studio Solution File, Format Version 12.00
# Visual Studio Version 16
VisualStudioVersion = 16.0.31624.102
MinimumVisualStudioVersion = 10.0.40219.1
Project("{FAE04EC0-301F-11D3-BF4B-00C04F79EFBC}") = "Filter_App", "Filter_App.csproj", "{8764FD61-1A76-4E78-A33C-C9A826E759DB}"
EndProject
Global
	GlobalSection(SolutionConfigurationPlatforms) = preSolution
		Debug|Any CPU = Debug|Any CPU
		Release|Any CPU = Release|Any CPU
	EndGlobalSection
	GlobalSection(ProjectConfigurationPlatforms) = postSolution
		{8764FD61-1A76-4E78-A33C-C9A826E759DB}.Debug|Any CPU.ActiveCfg = Debug|Any CPU
		{8764FD61-1A76-4E78-A33C-C9A826E759DB}.Debug|Any CPU.Build.0 = Debug|Any CPU
		{8764FD61-1A76-4E78-A33C-C9A826E759DB}.Release|Any CPU.ActiveCfg = Release|Any CPU
		{8764FD61-1A76-4E78-A33C-C9A826E759DB}.Release|Any CPU.Build.0 = Release|Any CPU
	EndGlobalSection
	GlobalSection(SolutionProperties) = preSolution
		HideSolutionNode = FALSE
	EndGlobalSection
	GlobalSection(ExtensibilityGlobals) = postSolution
		SolutionGuid = {AC12B986-18A3-4B8A-9831-44AE6A767006}
	EndGlobalSection
EndGlobal
